
Microsoft Visual Studio Solution File, Format Version 12.00
# Visual Studio Version 17
VisualStudioVersion = 17.9.34607.119
MinimumVisualStudioVersion = 10.0.40219.1
Project("{9A19103F-16F7-4668-BE54-9A1E7A4F7556}") = "DXBlazorWinForms", "DXBlazorWinForms\DXBlazorWinForms.csproj", "{CA6311BE-0786-43CD-BD92-009AF206929C}"
EndProject
Project("{9A19103F-16F7-4668-BE54-9A1E7A4F7556}") = "DxBlazorApplication", "DxBlazorApplicationScrap\DxBlazorApplication.csproj", "{C20A3EB8-C149-4E6C-A38F-C07E0C9823F2}"
EndProject
Global
	GlobalSection(SolutionConfigurationPlatforms) = preSolution
		Debug|Any CPU = Debug|Any CPU
		Release|Any CPU = Release|Any CPU
	EndGlobalSection
	GlobalSection(ProjectConfigurationPlatforms) = postSolution
		{CA6311BE-0786-43CD-BD92-009AF206929C}.Debug|Any CPU.ActiveCfg = Debug|Any CPU
		{CA6311BE-0786-43CD-BD92-009AF206929C}.Debug|Any CPU.Build.0 = Debug|Any CPU
		{CA6311BE-0786-43CD-BD92-009AF206929C}.Release|Any CPU.ActiveCfg = Release|Any CPU
		{CA6311BE-0786-43CD-BD92-009AF206929C}.Release|Any CPU.Build.0 = Release|Any CPU
		{C20A3EB8-C149-4E6C-A38F-C07E0C9823F2}.Debug|Any CPU.ActiveCfg = Debug|Any CPU
		{C20A3EB8-C149-4E6C-A38F-C07E0C9823F2}.Debug|Any CPU.Build.0 = Debug|Any CPU
		{C20A3EB8-C149-4E6C-A38F-C07E0C9823F2}.Release|Any CPU.ActiveCfg = Release|Any CPU
		{C20A3EB8-C149-4E6C-A38F-C07E0C9823F2}.Release|Any CPU.Build.0 = Release|Any CPU
	EndGlobalSection
	GlobalSection(SolutionProperties) = preSolution
		HideSolutionNode = FALSE
	EndGlobalSection
	GlobalSection(ExtensibilityGlobals) = postSolution
		SolutionGuid = {CEE77ED6-1794-41C8-8F2C-95652B160F83}
	EndGlobalSection
EndGlobal
